# This file is automatically @generated by Cargo.
# It is not intended for manual editing.
version = 4

[[package]]
name = "crossbeam-deque"
version = "0.8.7"
source = "registry+https://github.com/rust-lang/crates.io-index"
checksum = "5181e0de7b61eb03a81e347d6dd8797bae9da5146707b51077e2d71a54ec0ceb"
dependencies = [
 "crossbeam-epoch",
 "crossbeam-utils",
]

[[package]]
name = "crossbeam-epoch"
version = "0.9.20"
source = "registry+https://github.com/rust-lang/crates.io-index"
checksum = "2d6914041f254d6e9176c01941b21115dcfb7089e55135a35411081bd106ef3f"
dependencies = [
 "crossbeam-utils",
]

[[package]]
name = "crossbeam-utils"
version = "0.8.22"
source = "registry+https://github.com/rust-lang/crates.io-index"
checksum = "61803da095bee82a81bb1a452ecc25d3b2f1416d1897eb86430c6159ef717c17"

[[package]]
name = "either"
version = "1.17.0"
source = "registry+https://github.com/rust-lang/crates.io-index"
checksum = "9e5e8f6c15a24b9a3ee5efec809ccd006d3b30e8b3bb63c39af737c7f87daa1d"

[[package]]
name = "indxvec"
version = "1.9.6"
source = "registry+https://github.com/rust-lang/crates.io-index"
checksum = "f80ec91439747afc38510dd9ddac3d776f3485197b9b7d6cc81c719db5cd8faa"

[[package]]
name = "medians"
version = "3.0.12"
source = "registry+https://github.com/rust-lang/crates.io-index"
checksum = "0567e21750b99d3ddbc4f57fc09be39381785d8930405a9b29c20c4b34bdcc31"
dependencies = [
 "indxvec",
]

[[package]]
name = "ran"
version = "2.0.1"
source = "registry+https://github.com/rust-lang/crates.io-index"
checksum = "5ec3b34b7476ace56430f442988b1faca754c3f05932f4d32a3a6cb7367f25f8"

[[package]]
name = "rayon"
version = "1.12.0"
source = "registry+https://github.com/rust-lang/crates.io-index"
checksum = "fb39b166781f92d482534ef4b4b1b2568f42613b53e5b6c160e24cfbfa30926d"
dependencies = [
 "either",
 "rayon-core",
]

[[package]]
name = "rayon-core"
version = "1.13.0"
source = "registry+https://github.com/rust-lang/crates.io-index"
checksum = "22e18b0f0062d30d4230b2e85ff77fdfe4326feb054b9783a3460d8435c8ab91"
dependencies = [
 "crossbeam-deque",
 "crossbeam-utils",
]

[[package]]
name = "rstats"
version = "2.1.15"
dependencies = [
 "indxvec",
 "medians",
 "ran",
 "rayon",
 "times",
]

[[package]]
name = "times"
version = "1.0.15"
source = "registry+https://github.com/rust-lang/crates.io-index"
checksum = "8f7598f010f82713a4c9839e6fd3dbd2788fe83424e795cdf8c48676bb1390b1"
dependencies = [
 "indxvec",
 "medians",
 "ran",
]
